
Microsoft Visual Studio Solution File, Format Version 12.00
# Visual Studio Version 18
VisualStudioVersion = 18.0.11222.15
MinimumVisualStudioVersion = 10.0.40219.1
Project("{2150E333-8FDC-42A3-9474-1A3956D46DE8}") = "Modules", "Modules", "{02EA681E-C7D8-13C7-8484-4AC65E1B71E8}"
EndProject
Project("{2150E333-8FDC-42A3-9474-1A3956D46DE8}") = "Transversal", "Transversal", "{C2E40823-D0E8-4B15-9854-A1A2741D362D}"
EndProject
Project("{2150E333-8FDC-42A3-9474-1A3956D46DE8}") = "ModuleColaborator", "ModuleColaborator", "{5A95EFA6-707C-4C99-9D4F-E4D1B3ED10EF}"
EndProject
Project("{2150E333-8FDC-42A3-9474-1A3956D46DE8}") = "ModuleLogin", "ModuleLogin", "{4200C859-635E-44B8-99AE-C956036D7131}"
EndProject
Project("{2150E333-8FDC-42A3-9474-1A3956D46DE8}") = "ModuleManagement", "ModuleManagement", "{DE68254C-9B4C-4037-A27B-2E15A8B738EC}"
EndProject
Project("{2150E333-8FDC-42A3-9474-1A3956D46DE8}") = "Api", "Api", "{2E7B8681-D70F-4E0A-8959-3E8E89A2A66B}"
EndProject
Project("{FAE04EC0-301F-11D3-BF4B-00C04F79EFBC}") = "HumanResourcesApi", "Api\HumanResourcesApi.csproj", "{1BE29EC6-5550-C717-D677-57AB7DB09E3B}"
EndProject
Project("{E53339B2-1760-4266-BCC7-CA923CBCF16C}") = "docker-compose", "docker-compose.dcproj", "{81DDED9D-158B-E303-5F62-77A2896D2A5A}"
EndProject
Project("{FAE04EC0-301F-11D3-BF4B-00C04F79EFBC}") = "Shared", "Shared\Shared.csproj", "{22F72E50-B86A-48A6-4252-6FDC98C636E8}"
EndProject
Project("{FAE04EC0-301F-11D3-BF4B-00C04F79EFBC}") = "ManagementContract", "ManagementContract\ManagementContract.csproj", "{192FCFC0-A7E1-6A03-E130-6F24A9CA1DE8}"
EndProject
Project("{FAE04EC0-301F-11D3-BF4B-00C04F79EFBC}") = "ManagementModule", "ManagementModule\ManagementModule.csproj", "{C98971BF-3365-6544-D658-936503962FC2}"
EndProject
Project("{FAE04EC0-301F-11D3-BF4B-00C04F79EFBC}") = "LoginContract", "LoginContract\LoginContract.csproj", "{6EF53E88-1130-7794-446C-3BADD51B9E28}"
EndProject
Project("{FAE04EC0-301F-11D3-BF4B-00C04F79EFBC}") = "LoginModule", "LoginModule\LoginModule.csproj", "{75B4583A-F146-EEFA-00EA-63A816880EC7}"
EndProject
Project("{FAE04EC0-301F-11D3-BF4B-00C04F79EFBC}") = "ColaboratorContract", "ColaboratorContract\ColaboratorContract.csproj", "{FD3B005A-96B2-ABBD-3FAA-1AAA06F3A3F6}"
EndProject
Project("{FAE04EC0-301F-11D3-BF4B-00C04F79EFBC}") = "ColaboratorModule", "ColaboratorModule\ColaboratorModule.csproj", "{6AA73E91-C60C-E351-B3EA-346089CCDEA2}"
EndProject
Project("{FAE04EC0-301F-11D3-BF4B-00C04F79EFBC}") = "DeamonNotification", "Deamons\DeamonNotification\DeamonNotification.csproj", "{C0B84208-CF9C-648F-5CCB-ED0E1E9EA29A}"
EndProject
Project("{2150E333-8FDC-42A3-9474-1A3956D46DE8}") = "Deamons", "Deamons", "{BB72D7BD-9F44-4DC4-AB21-86498A0579E8}"
EndProject
Project("{FAE04EC0-301F-11D3-BF4B-00C04F79EFBC}") = "HumanResourcesApiAggregate", "HumanResourcesApiAggregate\HumanResourcesApiAggregate.csproj", "{C89099DE-2D3F-4EBC-9681-10E6373E9BFC}"
EndProject
Project("{2150E333-8FDC-42A3-9474-1A3956D46DE8}") = "HumanResources_Api", "HumanResources_Api", "{CD066740-9FE5-41A9-9503-499017FEC02C}"
EndProject
Global
	GlobalSection(SolutionConfigurationPlatforms) = preSolution
		Debug|Any CPU = Debug|Any CPU
		Dev|Any CPU = Dev|Any CPU
		Release|Any CPU = Release|Any CPU
	EndGlobalSection
	GlobalSection(ProjectConfigurationPlatforms) = postSolution
		{1BE29EC6-5550-C717-D677-57AB7DB09E3B}.Debug|Any CPU.ActiveCfg = Debug|Any CPU
		{1BE29EC6-5550-C717-D677-57AB7DB09E3B}.Debug|Any CPU.Build.0 = Debug|Any CPU
		{1BE29EC6-5550-C717-D677-57AB7DB09E3B}.Dev|Any CPU.ActiveCfg = Dev|Any CPU
		{1BE29EC6-5550-C717-D677-57AB7DB09E3B}.Dev|Any CPU.Build.0 = Dev|Any CPU
		{1BE29EC6-5550-C717-D677-57AB7DB09E3B}.Release|Any CPU.ActiveCfg = Release|Any CPU
		{1BE29EC6-5550-C717-D677-57AB7DB09E3B}.Release|Any CPU.Build.0 = Release|Any CPU
		{81DDED9D-158B-E303-5F62-77A2896D2A5A}.Debug|Any CPU.ActiveCfg = Debug|Any CPU
		{81DDED9D-158B-E303-5F62-77A2896D2A5A}.Debug|Any CPU.Build.0 = Debug|Any CPU
		{81DDED9D-158B-E303-5F62-77A2896D2A5A}.Dev|Any CPU.ActiveCfg = Dev|Any CPU
		{81DDED9D-158B-E303-5F62-77A2896D2A5A}.Dev|Any CPU.Build.0 = Dev|Any CPU
		{81DDED9D-158B-E303-5F62-77A2896D2A5A}.Release|Any CPU.ActiveCfg = Release|Any CPU
		{22F72E50-B86A-48A6-4252-6FDC98C636E8}.Debug|Any CPU.ActiveCfg = Debug|Any CPU
		{22F72E50-B86A-48A6-4252-6FDC98C636E8}.Debug|Any CPU.Build.0 = Debug|Any CPU
		{22F72E50-B86A-48A6-4252-6FDC98C636E8}.Dev|Any CPU.ActiveCfg = Dev|Any CPU
		{22F72E50-B86A-48A6-4252-6FDC98C636E8}.Dev|Any CPU.Build.0 = Dev|Any CPU
		{22F72E50-B86A-48A6-4252-6FDC98C636E8}.Release|Any CPU.ActiveCfg = Release|Any CPU
		{22F72E50-B86A-48A6-4252-6FDC98C636E8}.Release|Any CPU.Build.0 = Release|Any CPU
		{192FCFC0-A7E1-6A03-E130-6F24A9CA1DE8}.Debug|Any CPU.ActiveCfg = Debug|Any CPU
		{192FCFC0-A7E1-6A03-E130-6F24A9CA1DE8}.Debug|Any CPU.Build.0 = Debug|Any CPU
		{192FCFC0-A7E1-6A03-E130-6F24A9CA1DE8}.Dev|Any CPU.ActiveCfg = Dev|Any CPU
		{192FCFC0-A7E1-6A03-E130-6F24A9CA1DE8}.Dev|Any CPU.Build.0 = Dev|Any CPU
		{192FCFC0-A7E1-6A03-E130-6F24A9CA1DE8}.Release|Any CPU.ActiveCfg = Release|Any CPU
		{192FCFC0-A7E1-6A03-E130-6F24A9CA1DE8}.Release|Any CPU.Build.0 = Release|Any CPU
		{C98971BF-3365-6544-D658-936503962FC2}.Debug|Any CPU.ActiveCfg = Debug|Any CPU
		{C98971BF-3365-6544-D658-936503962FC2}.Debug|Any CPU.Build.0 = Debug|Any CPU
		{C98971BF-3365-6544-D658-936503962FC2}.Dev|Any CPU.ActiveCfg = Dev|Any CPU
		{C98971BF-3365-6544-D658-936503962FC2}.Dev|Any CPU.Build.0 = Dev|Any CPU
		{C98971BF-3365-6544-D658-936503962FC2}.Release|Any CPU.ActiveCfg = Release|Any CPU
		{C98971BF-3365-6544-D658-936503962FC2}.Release|Any CPU.Build.0 = Release|Any CPU
		{6EF53E88-1130-7794-446C-3BADD51B9E28}.Debug|Any CPU.ActiveCfg = Debug|Any CPU
		{6EF53E88-1130-7794-446C-3BADD51B9E28}.Debug|Any CPU.Build.0 = Debug|Any CPU
		{6EF53E88-1130-7794-446C-3BADD51B9E28}.Dev|Any CPU.ActiveCfg = Dev|Any CPU
		{6EF53E88-1130-7794-446C-3BADD51B9E28}.Dev|Any CPU.Build.0 = Dev|Any CPU
		{6EF53E88-1130-7794-446C-3BADD51B9E28}.Release|Any CPU.ActiveCfg = Release|Any CPU
		{6EF53E88-1130-7794-446C-3BADD51B9E28}.Release|Any CPU.Build.0 = Release|Any CPU
		{75B4583A-F146-EEFA-00EA-63A816880EC7}.Debug|Any CPU.ActiveCfg = Debug|Any CPU
		{75B4583A-F146-EEFA-00EA-63A816880EC7}.Debug|Any CPU.Build.0 = Debug|Any CPU
		{75B4583A-F146-EEFA-00EA-63A816880EC7}.Dev|Any CPU.ActiveCfg = Dev|Any CPU
		{75B4583A-F146-EEFA-00EA-63A816880EC7}.Dev|Any CPU.Build.0 = Dev|Any CPU
		{75B4583A-F146-EEFA-00EA-63A816880EC7}.Release|Any CPU.ActiveCfg = Release|Any CPU
		{75B4583A-F146-EEFA-00EA-63A816880EC7}.Release|Any CPU.Build.0 = Release|Any CPU
		{FD3B005A-96B2-ABBD-3FAA-1AAA06F3A3F6}.Debug|Any CPU.ActiveCfg = Debug|Any CPU
		{FD3B005A-96B2-ABBD-3FAA-1AAA06F3A3F6}.Debug|Any CPU.Build.0 = Debug|Any CPU
		{FD3B005A-96B2-ABBD-3FAA-1AAA06F3A3F6}.Dev|Any CPU.ActiveCfg = Dev|Any CPU
		{FD3B005A-96B2-ABBD-3FAA-1AAA06F3A3F6}.Dev|Any CPU.Build.0 = Dev|Any CPU
		{FD3B005A-96B2-ABBD-3FAA-1AAA06F3A3F6}.Release|Any CPU.ActiveCfg = Release|Any CPU
		{FD3B005A-96B2-ABBD-3FAA-1AAA06F3A3F6}.Release|Any CPU.Build.0 = Release|Any CPU
		{6AA73E91-C60C-E351-B3EA-346089CCDEA2}.Debug|Any CPU.ActiveCfg = Debug|Any CPU
		{6AA73E91-C60C-E351-B3EA-346089CCDEA2}.Debug|Any CPU.Build.0 = Debug|Any CPU
		{6AA73E91-C60C-E351-B3EA-346089CCDEA2}.Dev|Any CPU.ActiveCfg = Dev|Any CPU
		{6AA73E91-C60C-E351-B3EA-346089CCDEA2}.Dev|Any CPU.Build.0 = Dev|Any CPU
		{6AA73E91-C60C-E351-B3EA-346089CCDEA2}.Release|Any CPU.ActiveCfg = Release|Any CPU
		{6AA73E91-C60C-E351-B3EA-346089CCDEA2}.Release|Any CPU.Build.0 = Release|Any CPU
		{C0B84208-CF9C-648F-5CCB-ED0E1E9EA29A}.Debug|Any CPU.ActiveCfg = Debug|Any CPU
		{C0B84208-CF9C-648F-5CCB-ED0E1E9EA29A}.Debug|Any CPU.Build.0 = Debug|Any CPU
		{C0B84208-CF9C-648F-5CCB-ED0E1E9EA29A}.Dev|Any CPU.ActiveCfg = Dev|Any CPU
		{C0B84208-CF9C-648F-5CCB-ED0E1E9EA29A}.Dev|Any CPU.Build.0 = Dev|Any CPU
		{C0B84208-CF9C-648F-5CCB-ED0E1E9EA29A}.Release|Any CPU.ActiveCfg = Release|Any CPU
		{C0B84208-CF9C-648F-5CCB-ED0E1E9EA29A}.Release|Any CPU.Build.0 = Release|Any CPU
		{C89099DE-2D3F-4EBC-9681-10E6373E9BFC}.Debug|Any CPU.ActiveCfg = Debug|Any CPU
		{C89099DE-2D3F-4EBC-9681-10E6373E9BFC}.Debug|Any CPU.Build.0 = Debug|Any CPU
		{C89099DE-2D3F-4EBC-9681-10E6373E9BFC}.Dev|Any CPU.ActiveCfg = Dev|Any CPU
		{C89099DE-2D3F-4EBC-9681-10E6373E9BFC}.Dev|Any CPU.Build.0 = Dev|Any CPU
		{C89099DE-2D3F-4EBC-9681-10E6373E9BFC}.Release|Any CPU.ActiveCfg = Release|Any CPU
		{C89099DE-2D3F-4EBC-9681-10E6373E9BFC}.Release|Any CPU.Build.0 = Release|Any CPU
	EndGlobalSection
	GlobalSection(SolutionProperties) = preSolution
		HideSolutionNode = FALSE
	EndGlobalSection
	GlobalSection(NestedProjects) = preSolution
		{5A95EFA6-707C-4C99-9D4F-E4D1B3ED10EF} = {02EA681E-C7D8-13C7-8484-4AC65E1B71E8}
		{4200C859-635E-44B8-99AE-C956036D7131} = {02EA681E-C7D8-13C7-8484-4AC65E1B71E8}
		{DE68254C-9B4C-4037-A27B-2E15A8B738EC} = {02EA681E-C7D8-13C7-8484-4AC65E1B71E8}
		{1BE29EC6-5550-C717-D677-57AB7DB09E3B} = {CD066740-9FE5-41A9-9503-499017FEC02C}
		{22F72E50-B86A-48A6-4252-6FDC98C636E8} = {C2E40823-D0E8-4B15-9854-A1A2741D362D}
		{192FCFC0-A7E1-6A03-E130-6F24A9CA1DE8} = {DE68254C-9B4C-4037-A27B-2E15A8B738EC}
		{C98971BF-3365-6544-D658-936503962FC2} = {DE68254C-9B4C-4037-A27B-2E15A8B738EC}
		{6EF53E88-1130-7794-446C-3BADD51B9E28} = {4200C859-635E-44B8-99AE-C956036D7131}
		{75B4583A-F146-EEFA-00EA-63A816880EC7} = {4200C859-635E-44B8-99AE-C956036D7131}
		{FD3B005A-96B2-ABBD-3FAA-1AAA06F3A3F6} = {5A95EFA6-707C-4C99-9D4F-E4D1B3ED10EF}
		{6AA73E91-C60C-E351-B3EA-346089CCDEA2} = {5A95EFA6-707C-4C99-9D4F-E4D1B3ED10EF}
		{C0B84208-CF9C-648F-5CCB-ED0E1E9EA29A} = {BB72D7BD-9F44-4DC4-AB21-86498A0579E8}
		{C89099DE-2D3F-4EBC-9681-10E6373E9BFC} = {CD066740-9FE5-41A9-9503-499017FEC02C}
		{CD066740-9FE5-41A9-9503-499017FEC02C} = {2E7B8681-D70F-4E0A-8959-3E8E89A2A66B}
	EndGlobalSection
	GlobalSection(ExtensibilityGlobals) = postSolution
		SolutionGuid = {98F5F744-353C-4E89-9D8A-B5A5CDA9C6B8}
	EndGlobalSection
EndGlobal
