
Microsoft Visual Studio Solution File, Format Version 12.00
# Visual Studio Version 17
VisualStudioVersion = 17.13.35931.197
MinimumVisualStudioVersion = 10.0.40219.1
Project("{FAE04EC0-301F-11D3-BF4B-00C04F79EFBC}") = "HumanResourcesApi", "HumanResourcesApi.csproj", "{C49E1C37-728C-4D23-BCDA-50484DB6FCB4}"
EndProject
Project("{2150E333-8FDC-42A3-9474-1A3956D46DE8}") = "Modules", "Modules", "{02EA681E-C7D8-13C7-8484-4AC65E1B71E8}"
EndProject
Project("{FAE04EC0-301F-11D3-BF4B-00C04F79EFBC}") = "ColaboratorModule", "..\ColaboratorModule\ColaboratorModule.csproj", "{76F80EA4-C8F1-479E-901C-27557809E734}"
EndProject
Project("{FAE04EC0-301F-11D3-BF4B-00C04F79EFBC}") = "LoginModule", "..\LoginModule\LoginModule.csproj", "{E97E7DEE-3199-4E29-8986-16EA68BD50D3}"
EndProject
Project("{FAE04EC0-301F-11D3-BF4B-00C04F79EFBC}") = "ManagementModule", "..\ManagementModule\ManagementModule.csproj", "{F9153C32-7B0A-8FC7-529A-2832DB4FAFCA}"
EndProject
Project("{FAE04EC0-301F-11D3-BF4B-00C04F79EFBC}") = "Shared", "..\Shared\Shared.csproj", "{6311C115-D585-51B9-BEA0-07373A03268A}"
EndProject
Project("{2150E333-8FDC-42A3-9474-1A3956D46DE8}") = "Transversal", "Transversal", "{C2E40823-D0E8-4B15-9854-A1A2741D362D}"
EndProject
Project("{2150E333-8FDC-42A3-9474-1A3956D46DE8}") = "ModuleColaborator", "ModuleColaborator", "{5A95EFA6-707C-4C99-9D4F-E4D1B3ED10EF}"
EndProject
Project("{FAE04EC0-301F-11D3-BF4B-00C04F79EFBC}") = "ColaboratorContract", "..\ColaboratorContract\ColaboratorContract.csproj", "{C08534A5-F1A0-4176-8E05-EE9FD5D9ADDF}"
EndProject
Project("{2150E333-8FDC-42A3-9474-1A3956D46DE8}") = "ModuleLogin", "ModuleLogin", "{4200C859-635E-44B8-99AE-C956036D7131}"
EndProject
Project("{2150E333-8FDC-42A3-9474-1A3956D46DE8}") = "ModuleManagement", "ModuleManagement", "{DE68254C-9B4C-4037-A27B-2E15A8B738EC}"
EndProject
Global
	GlobalSection(SolutionConfigurationPlatforms) = preSolution
		Debug|Any CPU = Debug|Any CPU
		Release|Any CPU = Release|Any CPU
	EndGlobalSection
	GlobalSection(ProjectConfigurationPlatforms) = postSolution
		{C49E1C37-728C-4D23-BCDA-50484DB6FCB4}.Debug|Any CPU.ActiveCfg = Debug|Any CPU
		{C49E1C37-728C-4D23-BCDA-50484DB6FCB4}.Debug|Any CPU.Build.0 = Debug|Any CPU
		{C49E1C37-728C-4D23-BCDA-50484DB6FCB4}.Release|Any CPU.ActiveCfg = Release|Any CPU
		{C49E1C37-728C-4D23-BCDA-50484DB6FCB4}.Release|Any CPU.Build.0 = Release|Any CPU
		{76F80EA4-C8F1-479E-901C-27557809E734}.Debug|Any CPU.ActiveCfg = Debug|Any CPU
		{76F80EA4-C8F1-479E-901C-27557809E734}.Debug|Any CPU.Build.0 = Debug|Any CPU
		{76F80EA4-C8F1-479E-901C-27557809E734}.Release|Any CPU.ActiveCfg = Release|Any CPU
		{76F80EA4-C8F1-479E-901C-27557809E734}.Release|Any CPU.Build.0 = Release|Any CPU
		{E97E7DEE-3199-4E29-8986-16EA68BD50D3}.Debug|Any CPU.ActiveCfg = Debug|Any CPU
		{E97E7DEE-3199-4E29-8986-16EA68BD50D3}.Debug|Any CPU.Build.0 = Debug|Any CPU
		{E97E7DEE-3199-4E29-8986-16EA68BD50D3}.Release|Any CPU.ActiveCfg = Release|Any CPU
		{E97E7DEE-3199-4E29-8986-16EA68BD50D3}.Release|Any CPU.Build.0 = Release|Any CPU
		{F9153C32-7B0A-8FC7-529A-2832DB4FAFCA}.Debug|Any CPU.ActiveCfg = Debug|Any CPU
		{F9153C32-7B0A-8FC7-529A-2832DB4FAFCA}.Debug|Any CPU.Build.0 = Debug|Any CPU
		{F9153C32-7B0A-8FC7-529A-2832DB4FAFCA}.Release|Any CPU.ActiveCfg = Release|Any CPU
		{F9153C32-7B0A-8FC7-529A-2832DB4FAFCA}.Release|Any CPU.Build.0 = Release|Any CPU
		{6311C115-D585-51B9-BEA0-07373A03268A}.Debug|Any CPU.ActiveCfg = Debug|Any CPU
		{6311C115-D585-51B9-BEA0-07373A03268A}.Debug|Any CPU.Build.0 = Debug|Any CPU
		{6311C115-D585-51B9-BEA0-07373A03268A}.Release|Any CPU.ActiveCfg = Release|Any CPU
		{6311C115-D585-51B9-BEA0-07373A03268A}.Release|Any CPU.Build.0 = Release|Any CPU
		{C08534A5-F1A0-4176-8E05-EE9FD5D9ADDF}.Debug|Any CPU.ActiveCfg = Debug|Any CPU
		{C08534A5-F1A0-4176-8E05-EE9FD5D9ADDF}.Debug|Any CPU.Build.0 = Debug|Any CPU
		{C08534A5-F1A0-4176-8E05-EE9FD5D9ADDF}.Release|Any CPU.ActiveCfg = Release|Any CPU
		{C08534A5-F1A0-4176-8E05-EE9FD5D9ADDF}.Release|Any CPU.Build.0 = Release|Any CPU
	EndGlobalSection
	GlobalSection(SolutionProperties) = preSolution
		HideSolutionNode = FALSE
	EndGlobalSection
	GlobalSection(NestedProjects) = preSolution
		{76F80EA4-C8F1-479E-901C-27557809E734} = {5A95EFA6-707C-4C99-9D4F-E4D1B3ED10EF}
		{E97E7DEE-3199-4E29-8986-16EA68BD50D3} = {4200C859-635E-44B8-99AE-C956036D7131}
		{F9153C32-7B0A-8FC7-529A-2832DB4FAFCA} = {DE68254C-9B4C-4037-A27B-2E15A8B738EC}
		{6311C115-D585-51B9-BEA0-07373A03268A} = {C2E40823-D0E8-4B15-9854-A1A2741D362D}
		{5A95EFA6-707C-4C99-9D4F-E4D1B3ED10EF} = {02EA681E-C7D8-13C7-8484-4AC65E1B71E8}
		{C08534A5-F1A0-4176-8E05-EE9FD5D9ADDF} = {5A95EFA6-707C-4C99-9D4F-E4D1B3ED10EF}
		{4200C859-635E-44B8-99AE-C956036D7131} = {02EA681E-C7D8-13C7-8484-4AC65E1B71E8}
		{DE68254C-9B4C-4037-A27B-2E15A8B738EC} = {02EA681E-C7D8-13C7-8484-4AC65E1B71E8}
	EndGlobalSection
	GlobalSection(ExtensibilityGlobals) = postSolution
		SolutionGuid = {98F5F744-353C-4E89-9D8A-B5A5CDA9C6B8}
	EndGlobalSection
EndGlobal
